{
  "version": 4,
  "terraform_version": "1.0.4",
  "serial": 103,
  "lineage": "4628bbc0-b7cb-ebf8-b5d3-caf9178b533a",
  "outputs": {},
  "resources": [
    {
      "mode": "data",
      "type": "aws_ami",
      "name": "amazon",
      "provider": "provider[\"registry.terraform.io/hashicorp/aws\"]",
      "instances": [
        {
          "schema_version": 0,
          "attributes": {
            "architecture": "x86_64",
            "arn": "arn:aws:ec2:us-east-2::image/ami-0d9a6b6c74aafb9d7",
            "block_device_mappings": [
              {
                "device_name": "/dev/xvda",
                "ebs": {
                  "delete_on_termination": "true",
                  "encrypted": "false",
                  "iops": "0",
                  "snapshot_id": "snap-00968ac095cc4bed8",
                  "throughput": "0",
                  "volume_size": "100",
                  "volume_type": "gp2"
                },
                "no_device": "",
                "virtual_name": ""
              }
            ],
            "creation_date": "2020-04-23T18:42:09.000Z",
            "description": "[Copied ami-0666a512047dcce9d from us-east-1] cons3rt-amazon-linux-2",
            "ena_support": true,
            "executable_users": null,
            "filter": [
              {
                "name": "name",
                "values": [
                  "Amazon Linux 2"
                ]
              },
              {
                "name": "virtualization-type",
                "values": [
                  "hvm"
                ]
              }
            ],
            "hypervisor": "xen",
            "id": "ami-0d9a6b6c74aafb9d7",
            "image_id": "ami-0d9a6b6c74aafb9d7",
            "image_location": "823765613917/Amazon Linux 2",
            "image_owner_alias": null,
            "image_type": "machine",
            "kernel_id": null,
            "most_recent": true,
            "name": "Amazon Linux 2",
            "name_regex": null,
            "owner_id": "823765613917",
            "owners": [
              "823765613917"
            ],
            "platform": null,
            "platform_details": "Linux/UNIX",
            "product_codes": [],
            "public": true,
            "ramdisk_id": null,
            "root_device_name": "/dev/xvda",
            "root_device_type": "ebs",
            "root_snapshot_id": "snap-00968ac095cc4bed8",
            "sriov_net_support": "simple",
            "state": "available",
            "state_reason": {
              "code": "UNSET",
              "message": "UNSET"
            },
            "tags": {},
            "usage_operation": "RunInstances",
            "virtualization_type": "hvm"
          },
          "sensitive_attributes": []
        }
      ]
    },
    {
      "mode": "managed",
      "type": "aws_autoscaling_attachment",
      "name": "asg_attachment_desafio2",
      "provider": "provider[\"registry.terraform.io/hashicorp/aws\"]",
      "instances": [
        {
          "schema_version": 0,
          "attributes": {
            "alb_target_group_arn": null,
            "autoscaling_group_name": "asg_desafio2",
            "elb": null,
            "id": "asg_desafio2-20210808142734370400000001"
          },
          "sensitive_attributes": [],
          "private": "bnVsbA==",
          "dependencies": [
            "aws_launch_configuration.lc_desafio2",
            "aws_lb_target_group.tg-desafio2",
            "aws_placement_group.pg_desafio2",
            "aws_subnet.subnet_private_desafio2",
            "aws_vpc.vpc_desafio2",
            "data.aws_ami.amazon",
            "aws_autoscaling_group.asg_desafio2"
          ]
        }
      ]
    },
    {
      "mode": "managed",
      "type": "aws_autoscaling_group",
      "name": "asg_desafio2",
      "provider": "provider[\"registry.terraform.io/hashicorp/aws\"]",
      "instances": [
        {
          "schema_version": 0,
          "attributes": {
            "arn": "arn:aws:autoscaling:us-east-2:460942888624:autoScalingGroup:c2bca81b-22a4-49ac-8ded-c08bdbc030dd:autoScalingGroupName/asg_desafio2",
            "availability_zones": [
              "us-east-2a"
            ],
            "capacity_rebalance": false,
            "default_cooldown": 300,
            "desired_capacity": 2,
            "enabled_metrics": [],
            "force_delete": true,
            "force_delete_warm_pool": false,
            "health_check_grace_period": 300,
            "health_check_type": "EC2",
            "id": "asg_desafio2",
            "initial_lifecycle_hook": [
              {
                "default_result": "CONTINUE",
                "heartbeat_timeout": 60,
                "lifecycle_transition": "autoscaling:EC2_INSTANCE_LAUNCHING",
                "name": "startup_desafio2",
                "notification_metadata": "{\"DATI\":\"asg_desafio2 - startup\"}",
                "notification_target_arn": "",
                "role_arn": ""
              }
            ],
            "instance_refresh": [],
            "launch_configuration": "desafio2",
            "launch_template": [],
            "load_balancers": [],
            "max_instance_lifetime": 0,
            "max_size": 3,
            "metrics_granularity": "1Minute",
            "min_elb_capacity": null,
            "min_size": 2,
            "mixed_instances_policy": [],
            "name": "asg_desafio2",
            "name_prefix": "",
            "placement_group": "pg_desafio2",
            "protect_from_scale_in": false,
            "service_linked_role_arn": "arn:aws:iam::460942888624:role/aws-service-role/autoscaling.amazonaws.com/AWSServiceRoleForAutoScaling",
            "suspended_processes": [],
            "tag": [
              {
                "key": "foo",
                "propagate_at_launch": true,
                "value": "bar"
              }
            ],
            "tags": null,
            "target_group_arns": [
              "arn:aws:elasticloadbalancing:us-east-2:460942888624:targetgroup/tg-desafio2/b9e7ff6b2d44bb57"
            ],
            "termination_policies": [
              "OldestInstance"
            ],
            "timeouts": {
              "delete": "15m"
            },
            "vpc_zone_identifier": [
              "subnet-0a916d2a88c3d335b"
            ],
            "wait_for_capacity_timeout": "10m",
            "wait_for_elb_capacity": null,
            "warm_pool": []
          },
          "sensitive_attributes": [],
          "private": "eyJlMmJmYjczMC1lY2FhLTExZTYtOGY4OC0zNDM2M2JjN2M0YzAiOnsiZGVsZXRlIjo5MDAwMDAwMDAwMDB9fQ==",
          "dependencies": [
            "aws_launch_configuration.lc_desafio2",
            "aws_lb_target_group.tg-desafio2",
            "aws_placement_group.pg_desafio2",
            "aws_subnet.subnet_private_desafio2",
            "aws_vpc.vpc_desafio2",
            "data.aws_ami.amazon"
          ]
        }
      ]
    },
    {
      "mode": "managed",
      "type": "aws_instance",
      "name": "AWS-Linux2-01",
      "provider": "provider[\"registry.terraform.io/hashicorp/aws\"]",
      "instances": [
        {
          "schema_version": 1,
          "attributes": {
            "ami": "ami-0443305dabd4be2bc",
            "arn": "arn:aws:ec2:us-east-2:460942888624:instance/i-0a9ff5832d760c649",
            "associate_public_ip_address": false,
            "availability_zone": "us-east-2a",
            "capacity_reservation_specification": [
              {
                "capacity_reservation_preference": "open",
                "capacity_reservation_target": []
              }
            ],
            "cpu_core_count": 1,
            "cpu_threads_per_core": 1,
            "credit_specification": [
              {
                "cpu_credits": "standard"
              }
            ],
            "disable_api_termination": false,
            "ebs_block_device": [],
            "ebs_optimized": false,
            "enclave_options": [
              {
                "enabled": false
              }
            ],
            "ephemeral_block_device": [],
            "get_password_data": false,
            "hibernation": false,
            "host_id": null,
            "iam_instance_profile": "",
            "id": "i-0a9ff5832d760c649",
            "instance_initiated_shutdown_behavior": "stop",
            "instance_state": "running",
            "instance_type": "t2.micro",
            "ipv6_address_count": 0,
            "ipv6_addresses": [],
            "key_name": "",
            "launch_template": [],
            "metadata_options": [
              {
                "http_endpoint": "enabled",
                "http_put_response_hop_limit": 1,
                "http_tokens": "optional"
              }
            ],
            "monitoring": false,
            "network_interface": [
              {
                "delete_on_termination": false,
                "device_index": 0,
                "network_interface_id": "eni-098842b9290d34b37"
              }
            ],
            "outpost_arn": "",
            "password_data": "",
            "placement_group": "",
            "primary_network_interface_id": "eni-098842b9290d34b37",
            "private_dns": "ip-10-2-1-124.us-east-2.compute.internal",
            "private_ip": "10.2.1.124",
            "public_dns": "",
            "public_ip": "",
            "root_block_device": [
              {
                "delete_on_termination": true,
                "device_name": "/dev/xvda",
                "encrypted": false,
                "iops": 100,
                "kms_key_id": "",
                "tags": {},
                "throughput": 0,
                "volume_id": "vol-07ab66b5bc7a27a74",
                "volume_size": 8,
                "volume_type": "gp2"
              }
            ],
            "secondary_private_ips": [],
            "security_groups": [],
            "source_dest_check": true,
            "subnet_id": "subnet-0a916d2a88c3d335b",
            "tags": {
              "Environment": "prd",
              "Name": "AWS-Linux2-01",
              "Owner": "Marco Tulio Rangel",
              "Terraform": "true"
            },
            "tags_all": {
              "Environment": "prd",
              "Name": "AWS-Linux2-01",
              "Owner": "Marco Tulio Rangel",
              "Terraform": "true"
            },
            "tenancy": "default",
            "timeouts": null,
            "user_data": null,
            "user_data_base64": null,
            "volume_tags": null,
            "vpc_security_group_ids": [
              "sg-0c90e094ed6e788eb"
            ]
          },
          "sensitive_attributes": [],
          "private": "eyJlMmJmYjczMC1lY2FhLTExZTYtOGY4OC0zNDM2M2JjN2M0YzAiOnsiY3JlYXRlIjo2MDAwMDAwMDAwMDAsImRlbGV0ZSI6MTIwMDAwMDAwMDAwMCwidXBkYXRlIjo2MDAwMDAwMDAwMDB9LCJzY2hlbWFfdmVyc2lvbiI6IjEifQ==",
          "dependencies": [
            "aws_network_interface.AWS-Linux2-01_eth01",
            "aws_subnet.subnet_private_desafio2",
            "aws_vpc.vpc_desafio2"
          ]
        }
      ]
    },
    {
      "mode": "managed",
      "type": "aws_internet_gateway",
      "name": "gw_desafio2",
      "provider": "provider[\"registry.terraform.io/hashicorp/aws\"]",
      "instances": [
        {
          "schema_version": 0,
          "attributes": {
            "arn": "arn:aws:ec2:us-east-2:460942888624:internet-gateway/igw-016acf71355a3440f",
            "id": "igw-016acf71355a3440f",
            "owner_id": "460942888624",
            "tags": {
              "Name": "gw_desafio2"
            },
            "tags_all": {
              "Name": "gw_desafio2"
            },
            "vpc_id": "vpc-02c8e192ab440362c"
          },
          "sensitive_attributes": [],
          "private": "bnVsbA==",
          "dependencies": [
            "aws_vpc.vpc_desafio2"
          ]
        }
      ]
    },
    {
      "mode": "managed",
      "type": "aws_launch_configuration",
      "name": "lc_desafio2",
      "provider": "provider[\"registry.terraform.io/hashicorp/aws\"]",
      "instances": [
        {
          "schema_version": 0,
          "attributes": {
            "arn": "arn:aws:autoscaling:us-east-2:460942888624:launchConfiguration:7f9bf791-9156-4f7e-938a-a72138684252:launchConfigurationName/desafio2",
            "associate_public_ip_address": false,
            "ebs_block_device": [],
            "ebs_optimized": false,
            "enable_monitoring": true,
            "ephemeral_block_device": [],
            "iam_instance_profile": "",
            "id": "desafio2",
            "image_id": "ami-0d9a6b6c74aafb9d7",
            "instance_type": "t2.micro",
            "key_name": "",
            "metadata_options": [],
            "name": "desafio2",
            "name_prefix": "",
            "placement_tenancy": null,
            "root_block_device": [],
            "security_groups": [],
            "spot_price": "",
            "user_data": "eb815aadc91da6860589c119987ed7aa327f6162",
            "user_data_base64": null,
            "vpc_classic_link_id": "",
            "vpc_classic_link_security_groups": []
          },
          "sensitive_attributes": [],
          "private": "bnVsbA==",
          "dependencies": [
            "data.aws_ami.amazon"
          ],
          "create_before_destroy": true
        }
      ]
    },
    {
      "mode": "managed",
      "type": "aws_lb",
      "name": "lb-desafio2",
      "provider": "provider[\"registry.terraform.io/hashicorp/aws\"]",
      "instances": [
        {
          "schema_version": 0,
          "attributes": {
            "access_logs": [
              {
                "bucket": "",
                "enabled": false,
                "prefix": ""
              }
            ],
            "arn": "arn:aws:elasticloadbalancing:us-east-2:460942888624:loadbalancer/net/lb-desafio2/c50a3050e8b59065",
            "arn_suffix": "net/lb-desafio2/c50a3050e8b59065",
            "customer_owned_ipv4_pool": "",
            "dns_name": "lb-desafio2-c50a3050e8b59065.elb.us-east-2.amazonaws.com",
            "drop_invalid_header_fields": null,
            "enable_cross_zone_load_balancing": false,
            "enable_deletion_protection": false,
            "enable_http2": null,
            "id": "arn:aws:elasticloadbalancing:us-east-2:460942888624:loadbalancer/net/lb-desafio2/c50a3050e8b59065",
            "idle_timeout": null,
            "internal": false,
            "ip_address_type": "ipv4",
            "load_balancer_type": "network",
            "name": "lb-desafio2",
            "name_prefix": null,
            "security_groups": [],
            "subnet_mapping": [
              {
                "allocation_id": "",
                "ipv6_address": "",
                "outpost_id": "",
                "private_ipv4_address": "",
                "subnet_id": "subnet-04dd85d98ee451cf5"
              }
            ],
            "subnets": [
              "subnet-04dd85d98ee451cf5"
            ],
            "tags": {
              "Environment": "prd",
              "Owner": "Marco Tulio Rangel",
              "Terraform": "true"
            },
            "tags_all": {
              "Environment": "prd",
              "Owner": "Marco Tulio Rangel",
              "Terraform": "true"
            },
            "timeouts": null,
            "vpc_id": "vpc-02c8e192ab440362c",
            "zone_id": "ZLMOA37VPKANP"
          },
          "sensitive_attributes": [],
          "private": "eyJlMmJmYjczMC1lY2FhLTExZTYtOGY4OC0zNDM2M2JjN2M0YzAiOnsiY3JlYXRlIjo2MDAwMDAwMDAwMDAsImRlbGV0ZSI6NjAwMDAwMDAwMDAwLCJ1cGRhdGUiOjYwMDAwMDAwMDAwMH19",
          "dependencies": [
            "aws_subnet.subnet_public_desafio2",
            "aws_vpc.vpc_desafio2"
          ]
        }
      ]
    },
    {
      "mode": "managed",
      "type": "aws_lb_listener",
      "name": "http80",
      "provider": "provider[\"registry.terraform.io/hashicorp/aws\"]",
      "instances": [
        {
          "schema_version": 0,
          "attributes": {
            "alpn_policy": null,
            "arn": "arn:aws:elasticloadbalancing:us-east-2:460942888624:listener/net/lb-desafio2/c50a3050e8b59065/0453057dbb67b629",
            "certificate_arn": null,
            "default_action": [
              {
                "authenticate_cognito": [],
                "authenticate_oidc": [],
                "fixed_response": [],
                "forward": [],
                "order": 1,
                "redirect": [],
                "target_group_arn": "arn:aws:elasticloadbalancing:us-east-2:460942888624:targetgroup/tg-desafio2/b9e7ff6b2d44bb57",
                "type": "forward"
              }
            ],
            "id": "arn:aws:elasticloadbalancing:us-east-2:460942888624:listener/net/lb-desafio2/c50a3050e8b59065/0453057dbb67b629",
            "load_balancer_arn": "arn:aws:elasticloadbalancing:us-east-2:460942888624:loadbalancer/net/lb-desafio2/c50a3050e8b59065",
            "port": 80,
            "protocol": "TCP",
            "ssl_policy": "",
            "tags": {},
            "tags_all": {},
            "timeouts": null
          },
          "sensitive_attributes": [],
          "private": "eyJlMmJmYjczMC1lY2FhLTExZTYtOGY4OC0zNDM2M2JjN2M0YzAiOnsicmVhZCI6NjAwMDAwMDAwMDAwfX0=",
          "dependencies": [
            "aws_lb.lb-desafio2",
            "aws_lb_target_group.tg-desafio2",
            "aws_subnet.subnet_public_desafio2",
            "aws_vpc.vpc_desafio2"
          ]
        }
      ]
    },
    {
      "mode": "managed",
      "type": "aws_lb_target_group",
      "name": "tg-desafio2",
      "provider": "provider[\"registry.terraform.io/hashicorp/aws\"]",
      "instances": [
        {
          "schema_version": 0,
          "attributes": {
            "arn": "arn:aws:elasticloadbalancing:us-east-2:460942888624:targetgroup/tg-desafio2/b9e7ff6b2d44bb57",
            "arn_suffix": "targetgroup/tg-desafio2/b9e7ff6b2d44bb57",
            "deregistration_delay": 300,
            "health_check": [
              {
                "enabled": true,
                "healthy_threshold": 3,
                "interval": 30,
                "matcher": "",
                "path": "",
                "port": "traffic-port",
                "protocol": "TCP",
                "timeout": 10,
                "unhealthy_threshold": 3
              }
            ],
            "id": "arn:aws:elasticloadbalancing:us-east-2:460942888624:targetgroup/tg-desafio2/b9e7ff6b2d44bb57",
            "lambda_multi_value_headers_enabled": false,
            "load_balancing_algorithm_type": null,
            "name": "tg-desafio2",
            "name_prefix": null,
            "port": 80,
            "preserve_client_ip": "true",
            "protocol": "TCP",
            "protocol_version": null,
            "proxy_protocol_v2": false,
            "slow_start": 0,
            "stickiness": [
              {
                "cookie_duration": 0,
                "cookie_name": "",
                "enabled": false,
                "type": "source_ip"
              }
            ],
            "tags": {},
            "tags_all": {},
            "target_type": "instance",
            "vpc_id": "vpc-02c8e192ab440362c"
          },
          "sensitive_attributes": [],
          "private": "bnVsbA==",
          "dependencies": [
            "aws_vpc.vpc_desafio2"
          ]
        }
      ]
    },
    {
      "mode": "managed",
      "type": "aws_network_interface",
      "name": "AWS-Linux2-01_eth01",
      "provider": "provider[\"registry.terraform.io/hashicorp/aws\"]",
      "instances": [
        {
          "schema_version": 0,
          "attributes": {
            "attachment": [
              {
                "attachment_id": "eni-attach-083c62bf235680ccf",
                "device_index": 0,
                "instance": "i-0a9ff5832d760c649"
              }
            ],
            "description": "",
            "id": "eni-098842b9290d34b37",
            "interface_type": "interface",
            "ipv6_address_count": 0,
            "ipv6_addresses": [],
            "mac_address": "02:99:05:69:0e:02",
            "outpost_arn": "",
            "private_dns_name": "",
            "private_ip": "10.2.1.124",
            "private_ips": [
              "10.2.1.124"
            ],
            "private_ips_count": 0,
            "security_groups": [
              "sg-0c90e094ed6e788eb"
            ],
            "source_dest_check": true,
            "subnet_id": "subnet-0a916d2a88c3d335b",
            "tags": {
              "Environment": "prd",
              "Name": "Desafio2-primary_network_interface",
              "Owner": "Marco Tulio Rangel",
              "Terraform": "true"
            },
            "tags_all": {
              "Environment": "prd",
              "Name": "Desafio2-primary_network_interface",
              "Owner": "Marco Tulio Rangel",
              "Terraform": "true"
            }
          },
          "sensitive_attributes": [],
          "private": "bnVsbA==",
          "dependencies": [
            "aws_subnet.subnet_private_desafio2",
            "aws_vpc.vpc_desafio2"
          ]
        }
      ]
    },
    {
      "mode": "managed",
      "type": "aws_placement_group",
      "name": "pg_desafio2",
      "provider": "provider[\"registry.terraform.io/hashicorp/aws\"]",
      "instances": [
        {
          "schema_version": 0,
          "attributes": {
            "arn": "arn:aws:ec2:us-east-2:460942888624:placement-group/pg_desafio2",
            "id": "pg_desafio2",
            "name": "pg_desafio2",
            "placement_group_id": "pg-0d94d23cb988f3fd4",
            "strategy": "spread",
            "tags": {},
            "tags_all": {}
          },
          "sensitive_attributes": [],
          "private": "bnVsbA=="
        }
      ]
    },
    {
      "mode": "managed",
      "type": "aws_subnet",
      "name": "subnet_private_desafio2",
      "provider": "provider[\"registry.terraform.io/hashicorp/aws\"]",
      "instances": [
        {
          "schema_version": 1,
          "attributes": {
            "arn": "arn:aws:ec2:us-east-2:460942888624:subnet/subnet-0a916d2a88c3d335b",
            "assign_ipv6_address_on_creation": false,
            "availability_zone": "us-east-2a",
            "availability_zone_id": "use2-az1",
            "cidr_block": "10.2.1.0/24",
            "customer_owned_ipv4_pool": "",
            "id": "subnet-0a916d2a88c3d335b",
            "ipv6_cidr_block": "",
            "ipv6_cidr_block_association_id": "",
            "map_customer_owned_ip_on_launch": false,
            "map_public_ip_on_launch": false,
            "outpost_arn": "",
            "owner_id": "460942888624",
            "tags": {
              "Environment": "prd",
              "Name": "subnet_private_desafio2",
              "Owner": "Marco Tulio Rangel",
              "Terraform": "true"
            },
            "tags_all": {
              "Environment": "prd",
              "Name": "subnet_private_desafio2",
              "Owner": "Marco Tulio Rangel",
              "Terraform": "true"
            },
            "timeouts": null,
            "vpc_id": "vpc-02c8e192ab440362c"
          },
          "sensitive_attributes": [],
          "private": "eyJlMmJmYjczMC1lY2FhLTExZTYtOGY4OC0zNDM2M2JjN2M0YzAiOnsiY3JlYXRlIjo2MDAwMDAwMDAwMDAsImRlbGV0ZSI6MTIwMDAwMDAwMDAwMH0sInNjaGVtYV92ZXJzaW9uIjoiMSJ9",
          "dependencies": [
            "aws_vpc.vpc_desafio2"
          ]
        }
      ]
    },
    {
      "mode": "managed",
      "type": "aws_subnet",
      "name": "subnet_public_desafio2",
      "provider": "provider[\"registry.terraform.io/hashicorp/aws\"]",
      "instances": [
        {
          "schema_version": 1,
          "attributes": {
            "arn": "arn:aws:ec2:us-east-2:460942888624:subnet/subnet-04dd85d98ee451cf5",
            "assign_ipv6_address_on_creation": false,
            "availability_zone": "us-east-2a",
            "availability_zone_id": "use2-az1",
            "cidr_block": "10.2.100.0/24",
            "customer_owned_ipv4_pool": "",
            "id": "subnet-04dd85d98ee451cf5",
            "ipv6_cidr_block": "",
            "ipv6_cidr_block_association_id": "",
            "map_customer_owned_ip_on_launch": false,
            "map_public_ip_on_launch": false,
            "outpost_arn": "",
            "owner_id": "460942888624",
            "tags": {
              "Environment": "prd",
              "Name": "subnet_public_desafio2",
              "Owner": "Marco Tulio Rangel",
              "Terraform": "true"
            },
            "tags_all": {
              "Environment": "prd",
              "Name": "subnet_public_desafio2",
              "Owner": "Marco Tulio Rangel",
              "Terraform": "true"
            },
            "timeouts": null,
            "vpc_id": "vpc-02c8e192ab440362c"
          },
          "sensitive_attributes": [],
          "private": "eyJlMmJmYjczMC1lY2FhLTExZTYtOGY4OC0zNDM2M2JjN2M0YzAiOnsiY3JlYXRlIjo2MDAwMDAwMDAwMDAsImRlbGV0ZSI6MTIwMDAwMDAwMDAwMH0sInNjaGVtYV92ZXJzaW9uIjoiMSJ9",
          "dependencies": [
            "aws_vpc.vpc_desafio2"
          ]
        }
      ]
    },
    {
      "mode": "managed",
      "type": "aws_vpc",
      "name": "vpc_desafio2",
      "provider": "provider[\"registry.terraform.io/hashicorp/aws\"]",
      "instances": [
        {
          "schema_version": 1,
          "attributes": {
            "arn": "arn:aws:ec2:us-east-2:460942888624:vpc/vpc-02c8e192ab440362c",
            "assign_generated_ipv6_cidr_block": false,
            "cidr_block": "10.2.0.0/16",
            "default_network_acl_id": "acl-0bffe4033f5a554b4",
            "default_route_table_id": "rtb-018021af79fdab34a",
            "default_security_group_id": "sg-0c90e094ed6e788eb",
            "dhcp_options_id": "dopt-8d2e4fe6",
            "enable_classiclink": null,
            "enable_classiclink_dns_support": null,
            "enable_dns_hostnames": false,
            "enable_dns_support": true,
            "id": "vpc-02c8e192ab440362c",
            "instance_tenancy": "default",
            "ipv6_association_id": "",
            "ipv6_cidr_block": "",
            "main_route_table_id": "rtb-018021af79fdab34a",
            "owner_id": "460942888624",
            "tags": {
              "Environment": "prd",
              "Name": "Desafio2-vpc",
              "Owner": "Marco Tulio Rangel",
              "Terraform": "true"
            },
            "tags_all": {
              "Environment": "prd",
              "Name": "Desafio2-vpc",
              "Owner": "Marco Tulio Rangel",
              "Terraform": "true"
            }
          },
          "sensitive_attributes": [],
          "private": "eyJzY2hlbWFfdmVyc2lvbiI6IjEifQ=="
        }
      ]
    }
  ]
}
